// !$*UTF8*$!
{
	archiveVersion = 1;
	classes = {
	};
	objectVersion = 51;
	objects = {

/* Begin PBXBuildFile section */
		1130B76452CB732CB1D64D56 /* Pods_My_Stores.framework in Frameworks */ = {isa = PBXBuildFile; fileRef = CC3E16FE517222AD52A7F94E /* Pods_My_Stores.framework */; };
		4E709C7D238A7848000BEEB7 /* AppResultModel.swift in Sources */ = {isa = PBXBuildFile; fileRef = 4E709C7C238A7848000BEEB7 /* AppResultModel.swift */; };
		4E709C80238A786B000BEEB7 /* Services.swift in Sources */ = {isa = PBXBuildFile; fileRef = 4E709C7F238A786B000BEEB7 /* Services.swift */; };
		4E709C84238A7F32000BEEB7 /* TodayCell.swift in Sources */ = {isa = PBXBuildFile; fileRef = 4E709C83238A7F32000BEEB7 /* TodayCell.swift */; };
		4E709C86238A803E000BEEB7 /* AppTodayHorizentalVC.swift in Sources */ = {isa = PBXBuildFile; fileRef = 4E709C85238A803E000BEEB7 /* AppTodayHorizentalVC.swift */; };
		4E709C88238A83DF000BEEB7 /* AppTodayMultiCell.swift in Sources */ = {isa = PBXBuildFile; fileRef = 4E709C87238A83DF000BEEB7 /* AppTodayMultiCell.swift */; };
		4ECD29E4238A69C7006D504F /* AppDelegate.swift in Sources */ = {isa = PBXBuildFile; fileRef = 4ECD29E3238A69C7006D504F /* AppDelegate.swift */; };
		4ECD29E6238A69C7006D504F /* MainTabBarVC.swift in Sources */ = {isa = PBXBuildFile; fileRef = 4ECD29E5238A69C7006D504F /* MainTabBarVC.swift */; };
		4ECD29E9238A69C7006D504F /* Main.storyboard in Resources */ = {isa = PBXBuildFile; fileRef = 4ECD29E7238A69C7006D504F /* Main.storyboard */; };
		4ECD29EB238A69C8006D504F /* Assets.xcassets in Resources */ = {isa = PBXBuildFile; fileRef = 4ECD29EA238A69C8006D504F /* Assets.xcassets */; };
		4ECD29EE238A69C8006D504F /* LaunchScreen.storyboard in Resources */ = {isa = PBXBuildFile; fileRef = 4ECD29EC238A69C8006D504F /* LaunchScreen.storyboard */; };
		4ECD29F6238A69DD006D504F /* ExtensionUivew.swift in Sources */ = {isa = PBXBuildFile; fileRef = 4ECD29F5238A69DD006D504F /* ExtensionUivew.swift */; };
		4ECD29FB238A6BB6006D504F /* MusicVC.swift in Sources */ = {isa = PBXBuildFile; fileRef = 4ECD29FA238A6BB6006D504F /* MusicVC.swift */; };
		4ECD29FD238A6BF6006D504F /* TodayVC.swift in Sources */ = {isa = PBXBuildFile; fileRef = 4ECD29FC238A6BF6006D504F /* TodayVC.swift */; };
		4ECD2A01238A6C2F006D504F /* AppsListVC.swift in Sources */ = {isa = PBXBuildFile; fileRef = 4ECD2A00238A6C2F006D504F /* AppsListVC.swift */; };
		4ECD2A03238A6D7F006D504F /* SearchCell.swift in Sources */ = {isa = PBXBuildFile; fileRef = 4ECD2A02238A6D7F006D504F /* SearchCell.swift */; };
		4ECD2A05238A6D8E006D504F /* BaseCell.swift in Sources */ = {isa = PBXBuildFile; fileRef = 4ECD2A04238A6D8E006D504F /* BaseCell.swift */; };
		4ECD2A08238A6E18006D504F /* SearchVC.swift in Sources */ = {isa = PBXBuildFile; fileRef = 4ECD2A07238A6E18006D504F /* SearchVC.swift */; };
		4ECD2A0A238A6E3C006D504F /* BaseVC.swift in Sources */ = {isa = PBXBuildFile; fileRef = 4ECD2A09238A6E3C006D504F /* BaseVC.swift */; };
/* End PBXBuildFile section */

/* Begin PBXFileReference section */
		2523DC926F8EB86107CD6466 /* Pods-My Stores.debug.xcconfig */ = {isa = PBXFileReference; includeInIndex = 1; lastKnownFileType = text.xcconfig; name = "Pods-My Stores.debug.xcconfig"; path = "Target Support Files/Pods-My Stores/Pods-My Stores.debug.xcconfig"; sourceTree = "<group>"; };
		4E709C7C238A7848000BEEB7 /* AppResultModel.swift */ = {isa = PBXFileReference; lastKnownFileType = sourcecode.swift; path = AppResultModel.swift; sourceTree = "<group>"; };
		4E709C7F238A786B000BEEB7 /* Services.swift */ = {isa = PBXFileReference; lastKnownFileType = sourcecode.swift; path = Services.swift; sourceTree = "<group>"; };
		4E709C83238A7F32000BEEB7 /* TodayCell.swift */ = {isa = PBXFileReference; lastKnownFileType = sourcecode.swift; path = TodayCell.swift; sourceTree = "<group>"; };
		4E709C85238A803E000BEEB7 /* AppTodayHorizentalVC.swift */ = {isa = PBXFileReference; lastKnownFileType = sourcecode.swift; path = AppTodayHorizentalVC.swift; sourceTree = "<group>"; };
		4E709C87238A83DF000BEEB7 /* AppTodayMultiCell.swift */ = {isa = PBXFileReference; lastKnownFileType = sourcecode.swift; path = AppTodayMultiCell.swift; sourceTree = "<group>"; };
		4ECD29E0238A69C7006D504F /* My Stores.app */ = {isa = PBXFileReference; explicitFileType = wrapper.application; includeInIndex = 0; path = "My Stores.app"; sourceTree = BUILT_PRODUCTS_DIR; };
		4ECD29E3238A69C7006D504F /* AppDelegate.swift */ = {isa = PBXFileReference; lastKnownFileType = sourcecode.swift; path = AppDelegate.swift; sourceTree = "<group>"; };
		4ECD29E5238A69C7006D504F /* MainTabBarVC.swift */ = {isa = PBXFileReference; lastKnownFileType = sourcecode.swift; path = MainTabBarVC.swift; sourceTree = "<group>"; };
		4ECD29E8238A69C7006D504F /* Base */ = {isa = PBXFileReference; lastKnownFileType = file.storyboard; name = Base; path = Base.lproj/Main.storyboard; sourceTree = "<group>"; };
		4ECD29EA238A69C8006D504F /* Assets.xcassets */ = {isa = PBXFileReference; lastKnownFileType = folder.assetcatalog; path = Assets.xcassets; sourceTree = "<group>"; };
		4ECD29ED238A69C8006D504F /* Base */ = {isa = PBXFileReference; lastKnownFileType = file.storyboard; name = Base; path = Base.lproj/LaunchScreen.storyboard; sourceTree = "<group>"; };
		4ECD29EF238A69C8006D504F /* Info.plist */ = {isa = PBXFileReference; lastKnownFileType = text.plist.xml; path = Info.plist; sourceTree = "<group>"; };
		4ECD29F5238A69DD006D504F /* ExtensionUivew.swift */ = {isa = PBXFileReference; fileEncoding = 4; lastKnownFileType = sourcecode.swift; path = ExtensionUivew.swift; sourceTree = "<group>"; };
		4ECD29FA238A6BB6006D504F /* MusicVC.swift */ = {isa = PBXFileReference; lastKnownFileType = sourcecode.swift; path = MusicVC.swift; sourceTree = "<group>"; };
		4ECD29FC238A6BF6006D504F /* TodayVC.swift */ = {isa = PBXFileReference; lastKnownFileType = sourcecode.swift; path = TodayVC.swift; sourceTree = "<group>"; };
		4ECD2A00238A6C2F006D504F /* AppsListVC.swift */ = {isa = PBXFileReference; lastKnownFileType = sourcecode.swift; path = AppsListVC.swift; sourceTree = "<group>"; };
		4ECD2A02238A6D7F006D504F /* SearchCell.swift */ = {isa = PBXFileReference; lastKnownFileType = sourcecode.swift; path = SearchCell.swift; sourceTree = "<group>"; };
		4ECD2A04238A6D8E006D504F /* BaseCell.swift */ = {isa = PBXFileReference; lastKnownFileType = sourcecode.swift; path = BaseCell.swift; sourceTree = "<group>"; };
		4ECD2A07238A6E18006D504F /* SearchVC.swift */ = {isa = PBXFileReference; lastKnownFileType = sourcecode.swift; path = SearchVC.swift; sourceTree = "<group>"; };
		4ECD2A09238A6E3C006D504F /* BaseVC.swift */ = {isa = PBXFileReference; lastKnownFileType = sourcecode.swift; path = BaseVC.swift; sourceTree = "<group>"; };
		71066247B8AE6450EA427BD2 /* Pods-My Stores.release.xcconfig */ = {isa = PBXFileReference; includeInIndex = 1; lastKnownFileType = text.xcconfig; name = "Pods-My Stores.release.xcconfig"; path = "Target Support Files/Pods-My Stores/Pods-My Stores.release.xcconfig"; sourceTree = "<group>"; };
		CC3E16FE517222AD52A7F94E /* Pods_My_Stores.framework */ = {isa = PBXFileReference; explicitFileType = wrapper.framework; includeInIndex = 0; path = Pods_My_Stores.framework; sourceTree = BUILT_PRODUCTS_DIR; };
/* End PBXFileReference section */

/* Begin PBXFrameworksBuildPhase section */
		4ECD29DD238A69C7006D504F /* Frameworks */ = {
			isa = PBXFrameworksBuildPhase;
			buildActionMask = 2147483647;
			files = (
				1130B76452CB732CB1D64D56 /* Pods_My_Stores.framework in Frameworks */,
			);
			runOnlyForDeploymentPostprocessing = 0;
		};
/* End PBXFrameworksBuildPhase section */

/* Begin PBXGroup section */
		4E709C7E238A7861000BEEB7 /* Services */ = {
			isa = PBXGroup;
			children = (
				4E709C7F238A786B000BEEB7 /* Services.swift */,
			);
			path = Services;
			sourceTree = "<group>";
		};
		4E709C81238A7E19000BEEB7 /* today */ = {
			isa = PBXGroup;
			children = (
				4ECD29FC238A6BF6006D504F /* TodayVC.swift */,
				4E709C85238A803E000BEEB7 /* AppTodayHorizentalVC.swift */,
			);
			path = today;
			sourceTree = "<group>";
		};
		4E709C82238A7F21000BEEB7 /* today cell */ = {
			isa = PBXGroup;
			children = (
				4E709C83238A7F32000BEEB7 /* TodayCell.swift */,
				4E709C87238A83DF000BEEB7 /* AppTodayMultiCell.swift */,
			);
			path = "today cell";
			sourceTree = "<group>";
		};
		4ECD29D7238A69C7006D504F = {
			isa = PBXGroup;
			children = (
				4ECD29E2238A69C7006D504F /* My Stores */,
				4ECD29E1238A69C7006D504F /* Products */,
				85DBDBC66788CB345CDAD68A /* Pods */,
				B7EB875C8E38A726DBB3B5D1 /* Frameworks */,
			);
			sourceTree = "<group>";
		};
		4ECD29E1238A69C7006D504F /* Products */ = {
			isa = PBXGroup;
			children = (
				4ECD29E0238A69C7006D504F /* My Stores.app */,
			);
			name = Products;
			sourceTree = "<group>";
		};
		4ECD29E2238A69C7006D504F /* My Stores */ = {
			isa = PBXGroup;
			children = (
				4E709C7E238A7861000BEEB7 /* Services */,
				4ECD29E3238A69C7006D504F /* AppDelegate.swift */,
				4ECD29F9238A69EE006D504F /* model */,
				4ECD29F8238A69E9006D504F /* view */,
				4ECD29F7238A69E1006D504F /* controller */,
				4ECD29E7238A69C7006D504F /* Main.storyboard */,
				4ECD29EA238A69C8006D504F /* Assets.xcassets */,
				4ECD29EC238A69C8006D504F /* LaunchScreen.storyboard */,
				4ECD29EF238A69C8006D504F /* Info.plist */,
				4ECD29F5238A69DD006D504F /* ExtensionUivew.swift */,
			);
			path = "My Stores";
			sourceTree = "<group>";
		};
		4ECD29F7238A69E1006D504F /* controller */ = {
			isa = PBXGroup;
			children = (
				4ECD29E5238A69C7006D504F /* MainTabBarVC.swift */,
				4E709C81238A7E19000BEEB7 /* today */,
				4ECD29FA238A6BB6006D504F /* MusicVC.swift */,
				4ECD2A06238A6DF9006D504F /* search */,
				4ECD2A00238A6C2F006D504F /* AppsListVC.swift */,
				4ECD2A09238A6E3C006D504F /* BaseVC.swift */,
			);
			path = controller;
			sourceTree = "<group>";
		};
		4ECD29F8238A69E9006D504F /* view */ = {
			isa = PBXGroup;
			children = (
				4E709C82238A7F21000BEEB7 /* today cell */,
				4ECD2A04238A6D8E006D504F /* BaseCell.swift */,
				4ECD2A02238A6D7F006D504F /* SearchCell.swift */,
			);
			path = view;
			sourceTree = "<group>";
		};
		4ECD29F9238A69EE006D504F /* model */ = {
			isa = PBXGroup;
			children = (
				4E709C7C238A7848000BEEB7 /* AppResultModel.swift */,
			);
			path = model;
			sourceTree = "<group>";
		};
		4ECD2A06238A6DF9006D504F /* search */ = {
			isa = PBXGroup;
			children = (
				4ECD2A07238A6E18006D504F /* SearchVC.swift */,
			);
			path = search;
			sourceTree = "<group>";
		};
		85DBDBC66788CB345CDAD68A /* Pods */ = {
			isa = PBXGroup;
			children = (
				2523DC926F8EB86107CD6466 /* Pods-My Stores.debug.xcconfig */,
				71066247B8AE6450EA427BD2 /* Pods-My Stores.release.xcconfig */,
			);
			path = Pods;
			sourceTree = "<group>";
		};
		B7EB875C8E38A726DBB3B5D1 /* Frameworks */ = {
			isa = PBXGroup;
			children = (
				CC3E16FE517222AD52A7F94E /* Pods_My_Stores.framework */,
			);
			name = Frameworks;
			sourceTree = "<group>";
		};
/* End PBXGroup section */

/* Begin PBXNativeTarget section */
		4ECD29DF238A69C7006D504F /* My Stores */ = {
			isa = PBXNativeTarget;
			buildConfigurationList = 4ECD29F2238A69C8006D504F /* Build configuration list for PBXNativeTarget "My Stores" */;
			buildPhases = (
				DE9470CDBCCF424EE59BE4E6 /* [CP] Check Pods Manifest.lock */,
				4ECD29DC238A69C7006D504F /* Sources */,
				4ECD29DD238A69C7006D504F /* Frameworks */,
				4ECD29DE238A69C7006D504F /* Resources */,
				3B736641466A38012F0EE54B /* [CP] Embed Pods Frameworks */,
			);
			buildRules = (
			);
			dependencies = (
			);
			name = "My Stores";
			productName = "My Stores";
			productReference = 4ECD29E0238A69C7006D504F /* My Stores.app */;
			productType = "com.apple.product-type.application";
		};
/* End PBXNativeTarget section */

/* Begin PBXProject section */
		4ECD29D8238A69C7006D504F /* Project object */ = {
			isa = PBXProject;
			attributes = {
				LastSwiftUpdateCheck = 1020;
				LastUpgradeCheck = 1020;
				ORGANIZATIONNAME = hosam;
				TargetAttributes = {
					4ECD29DF238A69C7006D504F = {
						CreatedOnToolsVersion = 10.2.1;
					};
				};
			};
			buildConfigurationList = 4ECD29DB238A69C7006D504F /* Build configuration list for PBXProject "My Stores" */;
			compatibilityVersion = "Xcode 9.3";
			developmentRegion = en;
			hasScannedForEncodings = 0;
			knownRegions = (
				en,
				Base,
			);
			mainGroup = 4ECD29D7238A69C7006D504F;
			productRefGroup = 4ECD29E1238A69C7006D504F /* Products */;
			projectDirPath = "";
			projectRoot = "";
			targets = (
				4ECD29DF238A69C7006D504F /* My Stores */,
			);
		};
/* End PBXProject section */

/* Begin PBXResourcesBuildPhase section */
		4ECD29DE238A69C7006D504F /* Resources */ = {
			isa = PBXResourcesBuildPhase;
			buildActionMask = 2147483647;
			files = (
				4ECD29EE238A69C8006D504F /* LaunchScreen.storyboard in Resources */,
				4ECD29EB238A69C8006D504F /* Assets.xcassets in Resources */,
				4ECD29E9238A69C7006D504F /* Main.storyboard in Resources */,
			);
			runOnlyForDeploymentPostprocessing = 0;
		};
/* End PBXResourcesBuildPhase section */

/* Begin PBXShellScriptBuildPhase section */
		3B736641466A38012F0EE54B /* [CP] Embed Pods Frameworks */ = {
			isa = PBXShellScriptBuildPhase;
			buildActionMask = 2147483647;
			files = (
			);
			inputFileListPaths = (
				"${PODS_ROOT}/Target Support Files/Pods-My Stores/Pods-My Stores-frameworks-${CONFIGURATION}-input-files.xcfilelist",
			);
			name = "[CP] Embed Pods Frameworks";
			outputFileListPaths = (
				"${PODS_ROOT}/Target Support Files/Pods-My Stores/Pods-My Stores-frameworks-${CONFIGURATION}-output-files.xcfilelist",
			);
			runOnlyForDeploymentPostprocessing = 0;
			shellPath = /bin/sh;
			shellScript = "\"${PODS_ROOT}/Target Support Files/Pods-My Stores/Pods-My Stores-frameworks.sh\"\n";
			showEnvVarsInLog = 0;
		};
		DE9470CDBCCF424EE59BE4E6 /* [CP] Check Pods Manifest.lock */ = {
			isa = PBXShellScriptBuildPhase;
			buildActionMask = 2147483647;
			files = (
			);
			inputFileListPaths = (
			);
			inputPaths = (
				"${PODS_PODFILE_DIR_PATH}/Podfile.lock",
				"${PODS_ROOT}/Manifest.lock",
			);
			name = "[CP] Check Pods Manifest.lock";
			outputFileListPaths = (
			);
			outputPaths = (
				"$(DERIVED_FILE_DIR)/Pods-My Stores-checkManifestLockResult.txt",
			);
			runOnlyForDeploymentPostprocessing = 0;
			shellPath = /bin/sh;
			shellScript = "diff \"${PODS_PODFILE_DIR_PATH}/Podfile.lock\" \"${PODS_ROOT}/Manifest.lock\" > /dev/null\nif [ $? != 0 ] ; then\n    # print error to STDERR\n    echo \"error: The sandbox is not in sync with the Podfile.lock. Run 'pod install' or update your CocoaPods installation.\" >&2\n    exit 1\nfi\n# This output is used by Xcode 'outputs' to avoid re-running this script phase.\necho \"SUCCESS\" > \"${SCRIPT_OUTPUT_FILE_0}\"\n";
			showEnvVarsInLog = 0;
		};
/* End PBXShellScriptBuildPhase section */

/* Begin PBXSourcesBuildPhase section */
		4ECD29DC238A69C7006D504F /* Sources */ = {
			isa = PBXSourcesBuildPhase;
			buildActionMask = 2147483647;
			files = (
				4E709C88238A83DF000BEEB7 /* AppTodayMultiCell.swift in Sources */,
				4ECD29E6238A69C7006D504F /* MainTabBarVC.swift in Sources */,
				4E709C80238A786B000BEEB7 /* Services.swift in Sources */,
				4ECD2A0A238A6E3C006D504F /* BaseVC.swift in Sources */,
				4ECD2A03238A6D7F006D504F /* SearchCell.swift in Sources */,
				4E709C86238A803E000BEEB7 /* AppTodayHorizentalVC.swift in Sources */,
				4ECD29FD238A6BF6006D504F /* TodayVC.swift in Sources */,
				4ECD29E4238A69C7006D504F /* AppDelegate.swift in Sources */,
				4ECD2A05238A6D8E006D504F /* BaseCell.swift in Sources */,
				4ECD29FB238A6BB6006D504F /* MusicVC.swift in Sources */,
				4ECD2A08238A6E18006D504F /* SearchVC.swift in Sources */,
				4ECD2A01238A6C2F006D504F /* AppsListVC.swift in Sources */,
				4E709C7D238A7848000BEEB7 /* AppResultModel.swift in Sources */,
				4E709C84238A7F32000BEEB7 /* TodayCell.swift in Sources */,
				4ECD29F6238A69DD006D504F /* ExtensionUivew.swift in Sources */,
			);
			runOnlyForDeploymentPostprocessing = 0;
		};
/* End PBXSourcesBuildPhase section */

/* Begin PBXVariantGroup section */
		4ECD29E7238A69C7006D504F /* Main.storyboard */ = {
			isa = PBXVariantGroup;
			children = (
				4ECD29E8238A69C7006D504F /* Base */,
			);
			name = Main.storyboard;
			sourceTree = "<group>";
		};
		4ECD29EC238A69C8006D504F /* LaunchScreen.storyboard */ = {
			isa = PBXVariantGroup;
			children = (
				4ECD29ED238A69C8006D504F /* Base */,
			);
			name = LaunchScreen.storyboard;
			sourceTree = "<group>";
		};
/* End PBXVariantGroup section */

/* Begin XCBuildConfiguration section */
		4ECD29F0238A69C8006D504F /* Debug */ = {
			isa = XCBuildConfiguration;
			buildSettings = {
				ALWAYS_SEARCH_USER_PATHS = NO;
				CLANG_ANALYZER_NONNULL = YES;
				CLANG_ANALYZER_NUMBER_OBJECT_CONVERSION = YES_AGGRESSIVE;
				CLANG_CXX_LANGUAGE_STANDARD = "gnu++14";
				CLANG_CXX_LIBRARY = "libc++";
				CLANG_ENABLE_MODULES = YES;
				CLANG_ENABLE_OBJC_ARC = YES;
				CLANG_ENABLE_OBJC_WEAK = YES;
				CLANG_WARN_BLOCK_CAPTURE_AUTORELEASING = YES;
				CLANG_WARN_BOOL_CONVERSION = YES;
				CLANG_WARN_COMMA = YES;
				CLANG_WARN_CONSTANT_CONVERSION = YES;
				CLANG_WARN_DEPRECATED_OBJC_IMPLEMENTATIONS = YES;
				CLANG_WARN_DIRECT_OBJC_ISA_USAGE = YES_ERROR;
				CLANG_WARN_DOCUMENTATION_COMMENTS = YES;
				CLANG_WARN_EMPTY_BODY = YES;
				CLANG_WARN_ENUM_CONVERSION = YES;
				CLANG_WARN_INFINITE_RECURSION = YES;
				CLANG_WARN_INT_CONVERSION = YES;
				CLANG_WARN_NON_LITERAL_NULL_CONVERSION = YES;
				CLANG_WARN_OBJC_IMPLICIT_RETAIN_SELF = YES;
				CLANG_WARN_OBJC_LITERAL_CONVERSION = YES;
				CLANG_WARN_OBJC_ROOT_CLASS = YES_ERROR;
				CLANG_WARN_RANGE_LOOP_ANALYSIS = YES;
				CLANG_WARN_STRICT_PROTOTYPES = YES;
				CLANG_WARN_SUSPICIOUS_MOVE = YES;
				CLANG_WARN_UNGUARDED_AVAILABILITY = YES_AGGRESSIVE;
				CLANG_WARN_UNREACHABLE_CODE = YES;
				CLANG_WARN__DUPLICATE_METHOD_MATCH = YES;
				CODE_SIGN_IDENTITY = "iPhone Developer";
				COPY_PHASE_STRIP = NO;
				DEBUG_INFORMATION_FORMAT = dwarf;
				ENABLE_STRICT_OBJC_MSGSEND = YES;
				ENABLE_TESTABILITY = YES;
				GCC_C_LANGUAGE_STANDARD = gnu11;
				GCC_DYNAMIC_NO_PIC = NO;
				GCC_NO_COMMON_BLOCKS = YES;
				GCC_OPTIMIZATION_LEVEL = 0;
				GCC_PREPROCESSOR_DEFINITIONS = (
					"DEBUG=1",
					"$(inherited)",
				);
				GCC_WARN_64_TO_32_BIT_CONVERSION = YES;
				GCC_WARN_ABOUT_RETURN_TYPE = YES_ERROR;
				GCC_WARN_UNDECLARED_SELECTOR = YES;
				GCC_WARN_UNINITIALIZED_AUTOS = YES_AGGRESSIVE;
				GCC_WARN_UNUSED_FUNCTION = YES;
				GCC_WARN_UNUSED_VARIABLE = YES;
				IPHONEOS_DEPLOYMENT_TARGET = 12.2;
				MTL_ENABLE_DEBUG_INFO = INCLUDE_SOURCE;
				MTL_FAST_MATH = YES;
				ONLY_ACTIVE_ARCH = YES;
				SDKROOT = iphoneos;
				SWIFT_ACTIVE_COMPILATION_CONDITIONS = DEBUG;
				SWIFT_OPTIMIZATION_LEVEL = "-Onone";
			};
			name = Debug;
		};
		4ECD29F1238A69C8006D504F /* Release */ = {
			isa = XCBuildConfiguration;
			buildSettings = {
				ALWAYS_SEARCH_USER_PATHS = NO;
				CLANG_ANALYZER_NONNULL = YES;
				CLANG_ANALYZER_NUMBER_OBJECT_CONVERSION = YES_AGGRESSIVE;
				CLANG_CXX_LANGUAGE_STANDARD = "gnu++14";
				CLANG_CXX_LIBRARY = "libc++";
				CLANG_ENABLE_MODULES = YES;
				CLANG_ENABLE_OBJC_ARC = YES;
				CLANG_ENABLE_OBJC_WEAK = YES;
				CLANG_WARN_BLOCK_CAPTURE_AUTORELEASING = YES;
				CLANG_WARN_BOOL_CONVERSION = YES;
				CLANG_WARN_COMMA = YES;
				CLANG_WARN_CONSTANT_CONVERSION = YES;
				CLANG_WARN_DEPRECATED_OBJC_IMPLEMENTATIONS = YES;
				CLANG_WARN_DIRECT_OBJC_ISA_USAGE = YES_ERROR;
				CLANG_WARN_DOCUMENTATION_COMMENTS = YES;
				CLANG_WARN_EMPTY_BODY = YES;
				CLANG_WARN_ENUM_CONVERSION = YES;
				CLANG_WARN_INFINITE_RECURSION = YES;
				CLANG_WARN_INT_CONVERSION = YES;
				CLANG_WARN_NON_LITERAL_NULL_CONVERSION = YES;
				CLANG_WARN_OBJC_IMPLICIT_RETAIN_SELF = YES;
				CLANG_WARN_OBJC_LITERAL_CONVERSION = YES;
				CLANG_WARN_OBJC_ROOT_CLASS = YES_ERROR;
				CLANG_WARN_RANGE_LOOP_ANALYSIS = YES;
				CLANG_WARN_STRICT_PROTOTYPES = YES;
				CLANG_WARN_SUSPICIOUS_MOVE = YES;
				CLANG_WARN_UNGUARDED_AVAILABILITY = YES_AGGRESSIVE;
				CLANG_WARN_UNREACHABLE_CODE = YES;
				CLANG_WARN__DUPLICATE_METHOD_MATCH = YES;
				CODE_SIGN_IDENTITY = "iPhone Developer";
				COPY_PHASE_STRIP = NO;
				DEBUG_INFORMATION_FORMAT = "dwarf-with-dsym";
				ENABLE_NS_ASSERTIONS = NO;
				ENABLE_STRICT_OBJC_MSGSEND = YES;
				GCC_C_LANGUAGE_STANDARD = gnu11;
				GCC_NO_COMMON_BLOCKS = YES;
				GCC_WARN_64_TO_32_BIT_CONVERSION = YES;
				GCC_WARN_ABOUT_RETURN_TYPE = YES_ERROR;
				GCC_WARN_UNDECLARED_SELECTOR = YES;
				GCC_WARN_UNINITIALIZED_AUTOS = YES_AGGRESSIVE;
				GCC_WARN_UNUSED_FUNCTION = YES;
				GCC_WARN_UNUSED_VARIABLE = YES;
				IPHONEOS_DEPLOYMENT_TARGET = 12.2;
				MTL_ENABLE_DEBUG_INFO = NO;
				MTL_FAST_MATH = YES;
				SDKROOT = iphoneos;
				SWIFT_COMPILATION_MODE = wholemodule;
				SWIFT_OPTIMIZATION_LEVEL = "-O";
				VALIDATE_PRODUCT = YES;
			};
			name = Release;
		};
		4ECD29F3238A69C8006D504F /* Debug */ = {
			isa = XCBuildConfiguration;
			baseConfigurationReference = 2523DC926F8EB86107CD6466 /* Pods-My Stores.debug.xcconfig */;
			buildSettings = {
				ASSETCATALOG_COMPILER_APPICON_NAME = AppIcon;
				CODE_SIGN_STYLE = Automatic;
				DEVELOPMENT_TEAM = 5RTZJMVRS2;
				INFOPLIST_FILE = "My Stores/Info.plist";
				LD_RUNPATH_SEARCH_PATHS = (
					"$(inherited)",
					"@executable_path/Frameworks",
				);
				PRODUCT_BUNDLE_IDENTIFIER = "com.hosam.net.My-Stores";
				PRODUCT_NAME = "$(TARGET_NAME)";
				SWIFT_VERSION = 5.0;
				TARGETED_DEVICE_FAMILY = "1,2";
			};
			name = Debug;
		};
		4ECD29F4238A69C8006D504F /* Release */ = {
			isa = XCBuildConfiguration;
			baseConfigurationReference = 71066247B8AE6450EA427BD2 /* Pods-My Stores.release.xcconfig */;
			buildSettings = {
				ASSETCATALOG_COMPILER_APPICON_NAME = AppIcon;
				CODE_SIGN_STYLE = Automatic;
				DEVELOPMENT_TEAM = 5RTZJMVRS2;
				INFOPLIST_FILE = "My Stores/Info.plist";
				LD_RUNPATH_SEARCH_PATHS = (
					"$(inherited)",
					"@executable_path/Frameworks",
				);
				PRODUCT_BUNDLE_IDENTIFIER = "com.hosam.net.My-Stores";
				PRODUCT_NAME = "$(TARGET_NAME)";
				SWIFT_VERSION = 5.0;
				TARGETED_DEVICE_FAMILY = "1,2";
			};
			name = Release;
		};
/* End XCBuildConfiguration section */

/* Begin XCConfigurationList section */
		4ECD29DB238A69C7006D504F /* Build configuration list for PBXProject "My Stores" */ = {
			isa = XCConfigurationList;
			buildConfigurations = (
				4ECD29F0238A69C8006D504F /* Debug */,
				4ECD29F1238A69C8006D504F /* Release */,
			);
			defaultConfigurationIsVisible = 0;
			defaultConfigurationName = Release;
		};
		4ECD29F2238A69C8006D504F /* Build configuration list for PBXNativeTarget "My Stores" */ = {
			isa = XCConfigurationList;
			buildConfigurations = (
				4ECD29F3238A69C8006D504F /* Debug */,
				4ECD29F4238A69C8006D504F /* Release */,
			);
			defaultConfigurationIsVisible = 0;
			defaultConfigurationName = Release;
		};
/* End XCConfigurationList section */
	};
	rootObject = 4ECD29D8238A69C7006D504F /* Project object */;
}
